
Microsoft Visual Studio Solution File, Format Version 12.00
# Visual Studio Version 16
VisualStudioVersion = 16.0.30717.126
MinimumVisualStudioVersion = 10.0.40219.1
Project("{FAE04EC0-301F-11D3-BF4B-00C04F79EFBC}") = "ZipEntrySearch", "ZipEntrySearch\ZipEntrySearch.csproj", "{905DFE7B-1852-495A-93D9-8C064F6E4C85}"
EndProject
Global
	GlobalSection(SolutionConfigurationPlatforms) = preSolution
		Debug|Any CPU = Debug|Any CPU
		Release|Any CPU = Release|Any CPU
	EndGlobalSection
	GlobalSection(ProjectConfigurationPlatforms) = postSolution
		{905DFE7B-1852-495A-93D9-8C064F6E4C85}.Debug|Any CPU.ActiveCfg = Debug|Any CPU
		{905DFE7B-1852-495A-93D9-8C064F6E4C85}.Debug|Any CPU.Build.0 = Debug|Any CPU
		{905DFE7B-1852-495A-93D9-8C064F6E4C85}.Release|Any CPU.ActiveCfg = Release|Any CPU
		{905DFE7B-1852-495A-93D9-8C064F6E4C85}.Release|Any CPU.Build.0 = Release|Any CPU
	EndGlobalSection
	GlobalSection(SolutionProperties) = preSolution
		HideSolutionNode = FALSE
	EndGlobalSection
	GlobalSection(ExtensibilityGlobals) = postSolution
		SolutionGuid = {7AAEE46E-9E24-4EC9-A35A-3E9126E33127}
	EndGlobalSection
EndGlobal
